
Microsoft Visual Studio Solution File, Format Version 12.00
# Visual Studio Version 16
VisualStudioVersion = 16.0.31515.178
MinimumVisualStudioVersion = 10.0.40219.1
Project("{FAE04EC0-301F-11D3-BF4B-00C04F79EFBC}") = "TextFilter", "TextFilter\TextFilter.csproj", "{9C86ADF7-25AF-45BC-AE03-6319A0EBD0CA}"
EndProject
Project("{FAE04EC0-301F-11D3-BF4B-00C04F79EFBC}") = "TextFilter.Test", "TextFilter.Test\TextFilter.Test.csproj", "{FCD1BE89-644E-497C-9C98-B1FDC066CA34}"
EndProject
Global
	GlobalSection(SolutionConfigurationPlatforms) = preSolution
		Debug|Any CPU = Debug|Any CPU
		Release|Any CPU = Release|Any CPU
	EndGlobalSection
	GlobalSection(ProjectConfigurationPlatforms) = postSolution
		{9C86ADF7-25AF-45BC-AE03-6319A0EBD0CA}.Debug|Any CPU.ActiveCfg = Debug|Any CPU
		{9C86ADF7-25AF-45BC-AE03-6319A0EBD0CA}.Debug|Any CPU.Build.0 = Debug|Any CPU
		{9C86ADF7-25AF-45BC-AE03-6319A0EBD0CA}.Release|Any CPU.ActiveCfg = Release|Any CPU
		{9C86ADF7-25AF-45BC-AE03-6319A0EBD0CA}.Release|Any CPU.Build.0 = Release|Any CPU
		{FCD1BE89-644E-497C-9C98-B1FDC066CA34}.Debug|Any CPU.ActiveCfg = Debug|Any CPU
		{FCD1BE89-644E-497C-9C98-B1FDC066CA34}.Debug|Any CPU.Build.0 = Debug|Any CPU
		{FCD1BE89-644E-497C-9C98-B1FDC066CA34}.Release|Any CPU.ActiveCfg = Release|Any CPU
		{FCD1BE89-644E-497C-9C98-B1FDC066CA34}.Release|Any CPU.Build.0 = Release|Any CPU
	EndGlobalSection
	GlobalSection(SolutionProperties) = preSolution
		HideSolutionNode = FALSE
	EndGlobalSection
	GlobalSection(ExtensibilityGlobals) = postSolution
		SolutionGuid = {79491EDB-AFD9-4179-B7D6-86418635CC18}
	EndGlobalSection
EndGlobal
